lockfileVersion: '6.0'

settings:
  autoInstallPeers: true
  excludeLinksFromLockfile: false

dependencies:
  zod:
    specifier: ^3.22.4
    version: 3.22.4

devDependencies:
  type-fest:
    specifier: ^4.15.0
    version: 4.15.0
  typescript:
    specifier: 5.4.4
    version: 5.4.4

packages:

  /type-fest@4.15.0:
    resolution: {integrity: sha512-tB9lu0pQpX5KJq54g+oHOLumOx+pMep4RaM6liXh2PKmVRFF+/vAtUP0ZaJ0kOySfVNjF6doBWPHhBhISKdlIA==}
    engines: {node: '>=16'}
    dev: true

  /typescript@5.4.4:
    resolution: {integrity: sha512-dGE2Vv8cpVvw28v8HCPqyb08EzbBURxDpuhJvTrusShUfGnhHBafDsLdS1EhhxyL6BJQE+2cT3dDPAv+MQ6oLw==}
    engines: {node: '>=14.17'}
    hasBin: true
    dev: true

  /zod@3.22.4:
    resolution: {integrity: sha512-iC+8Io04lddc+mVqQ9AZ7OQ2MrUKGN+oIQyq1vemgt46jwCwLfhq7/pwnBnNXXXZb8VTVLKwp9EDkx+ryxIWmg==}
    dev: false
